// !$*UTF8*$!
{
	archiveVersion = 1;
	classes = {
	};
	objectVersion = 56;
	objects = {

/* Begin PBXBuildFile section */
		0447C9E02A5C52D300E82D2C /* FruitImageHeaderView.swift in Sources */ = {isa = PBXBuildFile; fileRef = 0447C9DF2A5C52D300E82D2C /* FruitImageHeaderView.swift */; };
		0447C9E22A5C5A2200E82D2C /* SourceLinkView.swift in Sources */ = {isa = PBXBuildFile; fileRef = 0447C9E12A5C5A2200E82D2C /* SourceLinkView.swift */; };
		0447C9E42A5C5EF900E82D2C /* FruitNutrientsView.swift in Sources */ = {isa = PBXBuildFile; fileRef = 0447C9E32A5C5EF900E82D2C /* FruitNutrientsView.swift */; };
		04C89AA82A59692E00F9B17F /* FruitsApp.swift in Sources */ = {isa = PBXBuildFile; fileRef = 04C89AA72A59692E00F9B17F /* FruitsApp.swift */; };
		04C89AAA2A59692E00F9B17F /* ContentView.swift in Sources */ = {isa = PBXBuildFile; fileRef = 04C89AA92A59692E00F9B17F /* ContentView.swift */; };
		04C89AAC2A59692F00F9B17F /* Assets.xcassets in Resources */ = {isa = PBXBuildFile; fileRef = 04C89AAB2A59692F00F9B17F /* Assets.xcassets */; };
		04C89AAF2A59692F00F9B17F /* Preview Assets.xcassets in Resources */ = {isa = PBXBuildFile; fileRef = 04C89AAE2A59692F00F9B17F /* Preview Assets.xcassets */; };
		04C89ABB2A5979DF00F9B17F /* ColorExtension.swift in Sources */ = {isa = PBXBuildFile; fileRef = 04C89ABA2A5979DF00F9B17F /* ColorExtension.swift */; };
		04C89ABE2A597FBD00F9B17F /* Data.swift in Sources */ = {isa = PBXBuildFile; fileRef = 04C89ABD2A597FBD00F9B17F /* Data.swift */; };
		04C89AC12A59801000F9B17F /* FruitModel.swift in Sources */ = {isa = PBXBuildFile; fileRef = 04C89AC02A59801000F9B17F /* FruitModel.swift */; };
		04C89AC42A5A3C9200F9B17F /* StartButtonView.swift in Sources */ = {isa = PBXBuildFile; fileRef = 04C89AC32A5A3C9200F9B17F /* StartButtonView.swift */; };
		04C89AC62A5A4E8A00F9B17F /* FruitCardView.swift in Sources */ = {isa = PBXBuildFile; fileRef = 04C89AC52A5A4E8A00F9B17F /* FruitCardView.swift */; };
		04C89AC82A5A4ED900F9B17F /* OnboardingView.swift in Sources */ = {isa = PBXBuildFile; fileRef = 04C89AC72A5A4ED900F9B17F /* OnboardingView.swift */; };
		04F6A2D72A5C2D25009981FE /* FruitRowView.swift in Sources */ = {isa = PBXBuildFile; fileRef = 04F6A2D62A5C2D25009981FE /* FruitRowView.swift */; };
		04F6A2D92A5C3122009981FE /* FruitsListView.swift in Sources */ = {isa = PBXBuildFile; fileRef = 04F6A2D82A5C3122009981FE /* FruitsListView.swift */; };
		04F6A2DB2A5C33C8009981FE /* FruitsDetailsView.swift in Sources */ = {isa = PBXBuildFile; fileRef = 04F6A2DA2A5C33C8009981FE /* FruitsDetailsView.swift */; };
/* End PBXBuildFile section */

/* Begin PBXFileReference section */
		0447C9DF2A5C52D300E82D2C /* FruitImageHeaderView.swift */ = {isa = PBXFileReference; lastKnownFileType = sourcecode.swift; path = FruitImageHeaderView.swift; sourceTree = "<group>"; };
		0447C9E12A5C5A2200E82D2C /* SourceLinkView.swift */ = {isa = PBXFileReference; lastKnownFileType = sourcecode.swift; path = SourceLinkView.swift; sourceTree = "<group>"; };
		0447C9E32A5C5EF900E82D2C /* FruitNutrientsView.swift */ = {isa = PBXFileReference; lastKnownFileType = sourcecode.swift; path = FruitNutrientsView.swift; sourceTree = "<group>"; };
		04C89AA42A59692E00F9B17F /* Fruits.app */ = {isa = PBXFileReference; explicitFileType = wrapper.application; includeInIndex = 0; path = Fruits.app; sourceTree = BUILT_PRODUCTS_DIR; };
		04C89AA72A59692E00F9B17F /* FruitsApp.swift */ = {isa = PBXFileReference; lastKnownFileType = sourcecode.swift; path = FruitsApp.swift; sourceTree = "<group>"; };
		04C89AA92A59692E00F9B17F /* ContentView.swift */ = {isa = PBXFileReference; lastKnownFileType = sourcecode.swift; path = ContentView.swift; sourceTree = "<group>"; };
		04C89AAB2A59692F00F9B17F /* Assets.xcassets */ = {isa = PBXFileReference; lastKnownFileType = folder.assetcatalog; path = Assets.xcassets; sourceTree = "<group>"; };
		04C89AAE2A59692F00F9B17F /* Preview Assets.xcassets */ = {isa = PBXFileReference; lastKnownFileType = folder.assetcatalog; path = "Preview Assets.xcassets"; sourceTree = "<group>"; };
		04C89ABA2A5979DF00F9B17F /* ColorExtension.swift */ = {isa = PBXFileReference; lastKnownFileType = sourcecode.swift; path = ColorExtension.swift; sourceTree = "<group>"; };
		04C89ABD2A597FBD00F9B17F /* Data.swift */ = {isa = PBXFileReference; lastKnownFileType = sourcecode.swift; path = Data.swift; sourceTree = "<group>"; };
		04C89AC02A59801000F9B17F /* FruitModel.swift */ = {isa = PBXFileReference; lastKnownFileType = sourcecode.swift; path = FruitModel.swift; sourceTree = "<group>"; };
		04C89AC32A5A3C9200F9B17F /* StartButtonView.swift */ = {isa = PBXFileReference; lastKnownFileType = sourcecode.swift; path = StartButtonView.swift; sourceTree = "<group>"; };
		04C89AC52A5A4E8A00F9B17F /* FruitCardView.swift */ = {isa = PBXFileReference; lastKnownFileType = sourcecode.swift; path = FruitCardView.swift; sourceTree = "<group>"; };
		04C89AC72A5A4ED900F9B17F /* OnboardingView.swift */ = {isa = PBXFileReference; lastKnownFileType = sourcecode.swift; path = OnboardingView.swift; sourceTree = "<group>"; };
		04F6A2D62A5C2D25009981FE /* FruitRowView.swift */ = {isa = PBXFileReference; lastKnownFileType = sourcecode.swift; path = FruitRowView.swift; sourceTree = "<group>"; };
		04F6A2D82A5C3122009981FE /* FruitsListView.swift */ = {isa = PBXFileReference; lastKnownFileType = sourcecode.swift; path = FruitsListView.swift; sourceTree = "<group>"; };
		04F6A2DA2A5C33C8009981FE /* FruitsDetailsView.swift */ = {isa = PBXFileReference; lastKnownFileType = sourcecode.swift; path = FruitsDetailsView.swift; sourceTree = "<group>"; };
/* End PBXFileReference section */

/* Begin PBXFrameworksBuildPhase section */
		04C89AA12A59692E00F9B17F /* Frameworks */ = {
			isa = PBXFrameworksBuildPhase;
			buildActionMask = 2147483647;
			files = (
			);
			runOnlyForDeploymentPostprocessing = 0;
		};
/* End PBXFrameworksBuildPhase section */

/* Begin PBXGroup section */
		04C89A9B2A59692E00F9B17F = {
			isa = PBXGroup;
			children = (
				04C89AA62A59692E00F9B17F /* Fruits */,
				04C89AA52A59692E00F9B17F /* Products */,
			);
			sourceTree = "<group>";
		};
		04C89AA52A59692E00F9B17F /* Products */ = {
			isa = PBXGroup;
			children = (
				04C89AA42A59692E00F9B17F /* Fruits.app */,
			);
			name = Products;
			sourceTree = "<group>";
		};
		04C89AA62A59692E00F9B17F /* Fruits */ = {
			isa = PBXGroup;
			children = (
				04C89AC22A5A38FB00F9B17F /* App */,
				04C89ABF2A597FF700F9B17F /* Models */,
				04C89ABC2A597FA200F9B17F /* Constants */,
				04C89AB92A59794F00F9B17F /* Utilities */,
				04C89AB62A59775100F9B17F /* Components */,
				04C89AB52A59772E00F9B17F /* Views */,
				04C89AAB2A59692F00F9B17F /* Assets.xcassets */,
				04C89AAD2A59692F00F9B17F /* Preview Content */,
			);
			path = Fruits;
			sourceTree = "<group>";
		};
		04C89AAD2A59692F00F9B17F /* Preview Content */ = {
			isa = PBXGroup;
			children = (
				04C89AAE2A59692F00F9B17F /* Preview Assets.xcassets */,
			);
			path = "Preview Content";
			sourceTree = "<group>";
		};
		04C89AB52A59772E00F9B17F /* Views */ = {
			isa = PBXGroup;
			children = (
			);
			path = Views;
			sourceTree = "<group>";
		};
		04C89AB62A59775100F9B17F /* Components */ = {
			isa = PBXGroup;
			children = (
				04C89AC32A5A3C9200F9B17F /* StartButtonView.swift */,
				04C89AC52A5A4E8A00F9B17F /* FruitCardView.swift */,
				04C89AC72A5A4ED900F9B17F /* OnboardingView.swift */,
				04F6A2D62A5C2D25009981FE /* FruitRowView.swift */,
				04F6A2D82A5C3122009981FE /* FruitsListView.swift */,
				04F6A2DA2A5C33C8009981FE /* FruitsDetailsView.swift */,
				0447C9DF2A5C52D300E82D2C /* FruitImageHeaderView.swift */,
				0447C9E12A5C5A2200E82D2C /* SourceLinkView.swift */,
				0447C9E32A5C5EF900E82D2C /* FruitNutrientsView.swift */,
			);
			path = Components;
			sourceTree = "<group>";
		};
		04C89AB92A59794F00F9B17F /* Utilities */ = {
			isa = PBXGroup;
			children = (
				04C89ABA2A5979DF00F9B17F /* ColorExtension.swift */,
			);
			path = Utilities;
			sourceTree = "<group>";
		};
		04C89ABC2A597FA200F9B17F /* Constants */ = {
			isa = PBXGroup;
			children = (
				04C89ABD2A597FBD00F9B17F /* Data.swift */,
			);
			path = Constants;
			sourceTree = "<group>";
		};
		04C89ABF2A597FF700F9B17F /* Models */ = {
			isa = PBXGroup;
			children = (
				04C89AC02A59801000F9B17F /* FruitModel.swift */,
			);
			path = Models;
			sourceTree = "<group>";
		};
		04C89AC22A5A38FB00F9B17F /* App */ = {
			isa = PBXGroup;
			children = (
				04C89AA72A59692E00F9B17F /* FruitsApp.swift */,
				04C89AA92A59692E00F9B17F /* ContentView.swift */,
			);
			path = App;
			sourceTree = "<group>";
		};
/* End PBXGroup section */

/* Begin PBXNativeTarget section */
		04C89AA32A59692E00F9B17F /* Fruits */ = {
			isa = PBXNativeTarget;
			buildConfigurationList = 04C89AB22A59692F00F9B17F /* Build configuration list for PBXNativeTarget "Fruits" */;
			buildPhases = (
				04C89AA02A59692E00F9B17F /* Sources */,
				04C89AA12A59692E00F9B17F /* Frameworks */,
				04C89AA22A59692E00F9B17F /* Resources */,
			);
			buildRules = (
			);
			dependencies = (
			);
			name = Fruits;
			productName = Fruits;
			productReference = 04C89AA42A59692E00F9B17F /* Fruits.app */;
			productType = "com.apple.product-type.application";
		};
/* End PBXNativeTarget section */

/* Begin PBXProject section */
		04C89A9C2A59692E00F9B17F /* Project object */ = {
			isa = PBXProject;
			attributes = {
				BuildIndependentTargetsInParallel = 1;
				LastSwiftUpdateCheck = 1430;
				LastUpgradeCheck = 1430;
				TargetAttributes = {
					04C89AA32A59692E00F9B17F = {
						CreatedOnToolsVersion = 14.3.1;
					};
				};
			};
			buildConfigurationList = 04C89A9F2A59692E00F9B17F /* Build configuration list for PBXProject "Fruits" */;
			compatibilityVersion = "Xcode 14.0";
			developmentRegion = en;
			hasScannedForEncodings = 0;
			knownRegions = (
				en,
				Base,
			);
			mainGroup = 04C89A9B2A59692E00F9B17F;
			productRefGroup = 04C89AA52A59692E00F9B17F /* Products */;
			projectDirPath = "";
			projectRoot = "";
			targets = (
				04C89AA32A59692E00F9B17F /* Fruits */,
			);
		};
/* End PBXProject section */

/* Begin PBXResourcesBuildPhase section */
		04C89AA22A59692E00F9B17F /* Resources */ = {
			isa = PBXResourcesBuildPhase;
			buildActionMask = 2147483647;
			files = (
				04C89AAF2A59692F00F9B17F /* Preview Assets.xcassets in Resources */,
				04C89AAC2A59692F00F9B17F /* Assets.xcassets in Resources */,
			);
			runOnlyForDeploymentPostprocessing = 0;
		};
/* End PBXResourcesBuildPhase section */

/* Begin PBXSourcesBuildPhase section */
		04C89AA02A59692E00F9B17F /* Sources */ = {
			isa = PBXSourcesBuildPhase;
			buildActionMask = 2147483647;
			files = (
				04F6A2D72A5C2D25009981FE /* FruitRowView.swift in Sources */,
				04C89AAA2A59692E00F9B17F /* ContentView.swift in Sources */,
				0447C9E02A5C52D300E82D2C /* FruitImageHeaderView.swift in Sources */,
				04C89AC42A5A3C9200F9B17F /* StartButtonView.swift in Sources */,
				04C89ABE2A597FBD00F9B17F /* Data.swift in Sources */,
				04F6A2DB2A5C33C8009981FE /* FruitsDetailsView.swift in Sources */,
				0447C9E22A5C5A2200E82D2C /* SourceLinkView.swift in Sources */,
				04C89AC82A5A4ED900F9B17F /* OnboardingView.swift in Sources */,
				0447C9E42A5C5EF900E82D2C /* FruitNutrientsView.swift in Sources */,
				04C89AA82A59692E00F9B17F /* FruitsApp.swift in Sources */,
				04C89AC62A5A4E8A00F9B17F /* FruitCardView.swift in Sources */,
				04C89AC12A59801000F9B17F /* FruitModel.swift in Sources */,
				04F6A2D92A5C3122009981FE /* FruitsListView.swift in Sources */,
				04C89ABB2A5979DF00F9B17F /* ColorExtension.swift in Sources */,
			);
			runOnlyForDeploymentPostprocessing = 0;
		};
/* End PBXSourcesBuildPhase section */

/* Begin XCBuildConfiguration section */
		04C89AB02A59692F00F9B17F /* Debug */ = {
			isa = XCBuildConfiguration;
			buildSettings = {
				ALWAYS_SEARCH_USER_PATHS = NO;
				CLANG_ANALYZER_NONNULL = YES;
				CLANG_ANALYZER_NUMBER_OBJECT_CONVERSION = YES_AGGRESSIVE;
				CLANG_CXX_LANGUAGE_STANDARD = "gnu++20";
				CLANG_ENABLE_MODULES = YES;
				CLANG_ENABLE_OBJC_ARC = YES;
				CLANG_ENABLE_OBJC_WEAK = YES;
				CLANG_WARN_BLOCK_CAPTURE_AUTORELEASING = YES;
				CLANG_WARN_BOOL_CONVERSION = YES;
				CLANG_WARN_COMMA = YES;
				CLANG_WARN_CONSTANT_CONVERSION = YES;
				CLANG_WARN_DEPRECATED_OBJC_IMPLEMENTATIONS = YES;
				CLANG_WARN_DIRECT_OBJC_ISA_USAGE = YES_ERROR;
				CLANG_WARN_DOCUMENTATION_COMMENTS = YES;
				CLANG_WARN_EMPTY_BODY = YES;
				CLANG_WARN_ENUM_CONVERSION = YES;
				CLANG_WARN_INFINITE_RECURSION = YES;
				CLANG_WARN_INT_CONVERSION = YES;
				CLANG_WARN_NON_LITERAL_NULL_CONVERSION = YES;
				CLANG_WARN_OBJC_IMPLICIT_RETAIN_SELF = YES;
				CLANG_WARN_OBJC_LITERAL_CONVERSION = YES;
				CLANG_WARN_OBJC_ROOT_CLASS = YES_ERROR;
				CLANG_WARN_QUOTED_INCLUDE_IN_FRAMEWORK_HEADER = YES;
				CLANG_WARN_RANGE_LOOP_ANALYSIS = YES;
				CLANG_WARN_STRICT_PROTOTYPES = YES;
				CLANG_WARN_SUSPICIOUS_MOVE = YES;
				CLANG_WARN_UNGUARDED_AVAILABILITY = YES_AGGRESSIVE;
				CLANG_WARN_UNREACHABLE_CODE = YES;
				CLANG_WARN__DUPLICATE_METHOD_MATCH = YES;
				COPY_PHASE_STRIP = NO;
				DEBUG_INFORMATION_FORMAT = dwarf;
				ENABLE_STRICT_OBJC_MSGSEND = YES;
				ENABLE_TESTABILITY = YES;
				GCC_C_LANGUAGE_STANDARD = gnu11;
				GCC_DYNAMIC_NO_PIC = NO;
				GCC_NO_COMMON_BLOCKS = YES;
				GCC_OPTIMIZATION_LEVEL = 0;
				GCC_PREPROCESSOR_DEFINITIONS = (
					"DEBUG=1",
					"$(inherited)",
				);
				GCC_WARN_64_TO_32_BIT_CONVERSION = YES;
				GCC_WARN_ABOUT_RETURN_TYPE = YES_ERROR;
				GCC_WARN_UNDECLARED_SELECTOR = YES;
				GCC_WARN_UNINITIALIZED_AUTOS = YES_AGGRESSIVE;
				GCC_WARN_UNUSED_FUNCTION = YES;
				GCC_WARN_UNUSED_VARIABLE = YES;
				IPHONEOS_DEPLOYMENT_TARGET = 16.4;
				MTL_ENABLE_DEBUG_INFO = INCLUDE_SOURCE;
				MTL_FAST_MATH = YES;
				ONLY_ACTIVE_ARCH = YES;
				SDKROOT = iphoneos;
				SWIFT_ACTIVE_COMPILATION_CONDITIONS = DEBUG;
				SWIFT_OPTIMIZATION_LEVEL = "-Onone";
			};
			name = Debug;
		};
		04C89AB12A59692F00F9B17F /* Release */ = {
			isa = XCBuildConfiguration;
			buildSettings = {
				ALWAYS_SEARCH_USER_PATHS = NO;
				CLANG_ANALYZER_NONNULL = YES;
				CLANG_ANALYZER_NUMBER_OBJECT_CONVERSION = YES_AGGRESSIVE;
				CLANG_CXX_LANGUAGE_STANDARD = "gnu++20";
				CLANG_ENABLE_MODULES = YES;
				CLANG_ENABLE_OBJC_ARC = YES;
				CLANG_ENABLE_OBJC_WEAK = YES;
				CLANG_WARN_BLOCK_CAPTURE_AUTORELEASING = YES;
				CLANG_WARN_BOOL_CONVERSION = YES;
				CLANG_WARN_COMMA = YES;
				CLANG_WARN_CONSTANT_CONVERSION = YES;
				CLANG_WARN_DEPRECATED_OBJC_IMPLEMENTATIONS = YES;
				CLANG_WARN_DIRECT_OBJC_ISA_USAGE = YES_ERROR;
				CLANG_WARN_DOCUMENTATION_COMMENTS = YES;
				CLANG_WARN_EMPTY_BODY = YES;
				CLANG_WARN_ENUM_CONVERSION = YES;
				CLANG_WARN_INFINITE_RECURSION = YES;
				CLANG_WARN_INT_CONVERSION = YES;
				CLANG_WARN_NON_LITERAL_NULL_CONVERSION = YES;
				CLANG_WARN_OBJC_IMPLICIT_RETAIN_SELF = YES;
				CLANG_WARN_OBJC_LITERAL_CONVERSION = YES;
				CLANG_WARN_OBJC_ROOT_CLASS = YES_ERROR;
				CLANG_WARN_QUOTED_INCLUDE_IN_FRAMEWORK_HEADER = YES;
				CLANG_WARN_RANGE_LOOP_ANALYSIS = YES;
				CLANG_WARN_STRICT_PROTOTYPES = YES;
				CLANG_WARN_SUSPICIOUS_MOVE = YES;
				CLANG_WARN_UNGUARDED_AVAILABILITY = YES_AGGRESSIVE;
				CLANG_WARN_UNREACHABLE_CODE = YES;
				CLANG_WARN__DUPLICATE_METHOD_MATCH = YES;
				COPY_PHASE_STRIP = NO;
				DEBUG_INFORMATION_FORMAT = "dwarf-with-dsym";
				ENABLE_NS_ASSERTIONS = NO;
				ENABLE_STRICT_OBJC_MSGSEND = YES;
				GCC_C_LANGUAGE_STANDARD = gnu11;
				GCC_NO_COMMON_BLOCKS = YES;
				GCC_WARN_64_TO_32_BIT_CONVERSION = YES;
				GCC_WARN_ABOUT_RETURN_TYPE = YES_ERROR;
				GCC_WARN_UNDECLARED_SELECTOR = YES;
				GCC_WARN_UNINITIALIZED_AUTOS = YES_AGGRESSIVE;
				GCC_WARN_UNUSED_FUNCTION = YES;
				GCC_WARN_UNUSED_VARIABLE = YES;
				IPHONEOS_DEPLOYMENT_TARGET = 16.4;
				MTL_ENABLE_DEBUG_INFO = NO;
				MTL_FAST_MATH = YES;
				SDKROOT = iphoneos;
				SWIFT_COMPILATION_MODE = wholemodule;
				SWIFT_OPTIMIZATION_LEVEL = "-O";
				VALIDATE_PRODUCT = YES;
			};
			name = Release;
		};
		04C89AB32A59692F00F9B17F /* Debug */ = {
			isa = XCBuildConfiguration;
			buildSettings = {
				ASSETCATALOG_COMPILER_APPICON_NAME = AppIcon;
				ASSETCATALOG_COMPILER_GLOBAL_ACCENT_COLOR_NAME = AccentColor;
				CODE_SIGN_STYLE = Automatic;
				CURRENT_PROJECT_VERSION = 1;
				DEVELOPMENT_ASSET_PATHS = "\"Fruits/Preview Content\"";
				DEVELOPMENT_TEAM = WZSGT99L6W;
				ENABLE_PREVIEWS = YES;
				GENERATE_INFOPLIST_FILE = YES;
				INFOPLIST_KEY_UIApplicationSceneManifest_Generation = YES;
				INFOPLIST_KEY_UIApplicationSupportsIndirectInputEvents = YES;
				INFOPLIST_KEY_UILaunchScreen_Generation = YES;
				INFOPLIST_KEY_UISupportedInterfaceOrientations = UIInterfaceOrientationPortrait;
				INFOPLIST_KEY_UISupportedInterfaceOrientations_iPad = "UIInterfaceOrientationLandscapeLeft UIInterfaceOrientationLandscapeRight UIInterfaceOrientationPortrait UIInterfaceOrientationPortraitUpsideDown";
				LD_RUNPATH_SEARCH_PATHS = (
					"$(inherited)",
					"@executable_path/Frameworks",
				);
				MARKETING_VERSION = 1.0;
				PRODUCT_BUNDLE_IDENTIFIER = com.jkd.Fruits;
				PRODUCT_NAME = "$(TARGET_NAME)";
				SWIFT_EMIT_LOC_STRINGS = YES;
				SWIFT_VERSION = 5.0;
				TARGETED_DEVICE_FAMILY = "1,2";
			};
			name = Debug;
		};
		04C89AB42A59692F00F9B17F /* Release */ = {
			isa = XCBuildConfiguration;
			buildSettings = {
				ASSETCATALOG_COMPILER_APPICON_NAME = AppIcon;
				ASSETCATALOG_COMPILER_GLOBAL_ACCENT_COLOR_NAME = AccentColor;
				CODE_SIGN_STYLE = Automatic;
				CURRENT_PROJECT_VERSION = 1;
				DEVELOPMENT_ASSET_PATHS = "\"Fruits/Preview Content\"";
				DEVELOPMENT_TEAM = WZSGT99L6W;
				ENABLE_PREVIEWS = YES;
				GENERATE_INFOPLIST_FILE = YES;
				INFOPLIST_KEY_UIApplicationSceneManifest_Generation = YES;
				INFOPLIST_KEY_UIApplicationSupportsIndirectInputEvents = YES;
				INFOPLIST_KEY_UILaunchScreen_Generation = YES;
				INFOPLIST_KEY_UISupportedInterfaceOrientations = UIInterfaceOrientationPortrait;
				INFOPLIST_KEY_UISupportedInterfaceOrientations_iPad = "UIInterfaceOrientationLandscapeLeft UIInterfaceOrientationLandscapeRight UIInterfaceOrientationPortrait UIInterfaceOrientationPortraitUpsideDown";
				LD_RUNPATH_SEARCH_PATHS = (
					"$(inherited)",
					"@executable_path/Frameworks",
				);
				MARKETING_VERSION = 1.0;
				PRODUCT_BUNDLE_IDENTIFIER = com.jkd.Fruits;
				PRODUCT_NAME = "$(TARGET_NAME)";
				SWIFT_EMIT_LOC_STRINGS = YES;
				SWIFT_VERSION = 5.0;
				TARGETED_DEVICE_FAMILY = "1,2";
			};
			name = Release;
		};
/* End XCBuildConfiguration section */

/* Begin XCConfigurationList section */
		04C89A9F2A59692E00F9B17F /* Build configuration list for PBXProject "Fruits" */ = {
			isa = XCConfigurationList;
			buildConfigurations = (
				04C89AB02A59692F00F9B17F /* Debug */,
				04C89AB12A59692F00F9B17F /* Release */,
			);
			defaultConfigurationIsVisible = 0;
			defaultConfigurationName = Release;
		};
		04C89AB22A59692F00F9B17F /* Build configuration list for PBXNativeTarget "Fruits" */ = {
			isa = XCConfigurationList;
			buildConfigurations = (
				04C89AB32A59692F00F9B17F /* Debug */,
				04C89AB42A59692F00F9B17F /* Release */,
			);
			defaultConfigurationIsVisible = 0;
			defaultConfigurationName = Release;
		};
/* End XCConfigurationList section */
	};
	rootObject = 04C89A9C2A59692E00F9B17F /* Project object */;
}
